{
  "name": "securevibe-deps-fixture",
  "version": "1.2.3",
  "lockfileVersion": 3,
  "requires": true,
  "packages": {
    "": {
      "name": "securevibe-deps-fixture",
      "version": "1.2.3",
      "dependencies": {
        "left-pad": "1.3.0",
        "sharp-like": "0.32.0",
        "copyleft-lib": "2.0.0"
      },
      "devDependencies": {
        "tiny-test-helper": "4.0.1"
      }
    },
    "node_modules/copyleft-lib": {
      "version": "2.0.0",
      "resolved": "https://registry.npmjs.org/copyleft-lib/-/copyleft-lib-2.0.0.tgz",
      "integrity": "sha512-AAAAAAAAAAAAAAAAAAAAAAAAAAAAAAAAAAAAAAAAAAAAAAAAAAAAAAAAAAAAAAAAAAAAAAAAAAAAAAAAAAAAAAAAAAAAAA==",
      "license": "GPL-3.0-or-later"
    },
    "node_modules/left-pad": {
      "version": "1.3.0",
      "resolved": "https://registry.npmjs.org/left-pad/-/left-pad-1.3.0.tgz",
      "integrity": "sha512-BBBBBBBBBBBBBBBBBBBBBBBBBBBBBBBBBBBBBBBBBBBBBBBBBBBBBBBBBBBBBBBBBBBBBBBBBBBBBBBBBBBBBBBBBBBBBB==",
      "license": "WTFPL",
      "deprecated": "use String.prototype.padStart() instead"
    },
    "node_modules/sharp-like": {
      "version": "0.32.0",
      "resolved": "https://registry.npmjs.org/sharp-like/-/sharp-like-0.32.0.tgz",
      "integrity": "sha512-CCCCCCCCCCCCCCCCCCCCCCCCCCCCCCCCCCCCCCCCCCCCCCCCCCCCCCCCCCCCCCCCCCCCCCCCCCCCCCCCCCCCCCCCCCCCCC==",
      "license": "Apache-2.0",
      "hasInstallScript": true,
      "dependencies": {
        "nested-helper": "1.0.0"
      }
    },
    "node_modules/sharp-like/node_modules/nested-helper": {
      "version": "1.0.0",
      "resolved": "https://registry.npmjs.org/nested-helper/-/nested-helper-1.0.0.tgz",
      "integrity": "sha512-DDDDDDDDDDDDDDDDDDDDDDDDDDDDDDDDDDDDDDDDDDDDDDDDDDDDDDDDDDDDDDDDDDDDDDDDDDDDDDDDDDDDDDDDDDDDDD==",
      "license": "MIT"
    },
    "node_modules/tiny-test-helper": {
      "version": "4.0.1",
      "resolved": "https://registry.npmjs.org/tiny-test-helper/-/tiny-test-helper-4.0.1.tgz",
      "integrity": "sha512-EEEEEEEEEEEEEEEEEEEEEEEEEEEEEEEEEEEEEEEEEEEEEEEEEEEEEEEEEEEEEEEEEEEEEEEEEEEEEEEEEEEEEEEEEEEEEE==",
      "dev": true,
      "license": "AGPL-3.0"
    }
  }
}
